// !$*UTF8*$!
{
	archiveVersion = 1;
	classes = {
	};
	objectVersion = 56;
	objects = {

/* Begin PBXBuildFile section */
		3707E24A2A65CA25004EDCE4 /* NFLInfoApp.swift in Sources */ = {isa = PBXBuildFile; fileRef = 3707E2492A65CA25004EDCE4 /* NFLInfoApp.swift */; };
		3707E24E2A65CA27004EDCE4 /* Assets.xcassets in Resources */ = {isa = PBXBuildFile; fileRef = 3707E24D2A65CA27004EDCE4 /* Assets.xcassets */; };
		3707E2512A65CA27004EDCE4 /* Preview Assets.xcassets in Resources */ = {isa = PBXBuildFile; fileRef = 3707E2502A65CA27004EDCE4 /* Preview Assets.xcassets */; };
		3707E25B2A65CA27004EDCE4 /* NFLInfoTests.swift in Sources */ = {isa = PBXBuildFile; fileRef = 3707E25A2A65CA27004EDCE4 /* NFLInfoTests.swift */; };
		3707E2652A65CA27004EDCE4 /* NFLInfoUITests.swift in Sources */ = {isa = PBXBuildFile; fileRef = 3707E2642A65CA27004EDCE4 /* NFLInfoUITests.swift */; };
		3707E2672A65CA27004EDCE4 /* NFLInfoUITestsLaunchTests.swift in Sources */ = {isa = PBXBuildFile; fileRef = 3707E2662A65CA27004EDCE4 /* NFLInfoUITestsLaunchTests.swift */; };
		3707E2752A65CA61004EDCE4 /* Team.swift in Sources */ = {isa = PBXBuildFile; fileRef = 3707E2742A65CA61004EDCE4 /* Team.swift */; };
		3707E2782A65CAE1004EDCE4 /* APICaller.swift in Sources */ = {isa = PBXBuildFile; fileRef = 3707E2772A65CAE1004EDCE4 /* APICaller.swift */; };
		3707E27A2A65CE9A004EDCE4 /* TeamListView.swift in Sources */ = {isa = PBXBuildFile; fileRef = 3707E2792A65CE9A004EDCE4 /* TeamListView.swift */; };
		374A21DB2A6F179400204992 /* TeamDetailView.swift in Sources */ = {isa = PBXBuildFile; fileRef = 374A21DA2A6F179400204992 /* TeamDetailView.swift */; };
		37ACAD802A72FEED0075F2CB /* Player.swift in Sources */ = {isa = PBXBuildFile; fileRef = 37ACAD7F2A72FEED0075F2CB /* Player.swift */; };
/* End PBXBuildFile section */

/* Begin PBXContainerItemProxy section */
		3707E2572A65CA27004EDCE4 /* PBXContainerItemProxy */ = {
			isa = PBXContainerItemProxy;
			containerPortal = 3707E23E2A65CA25004EDCE4 /* Project object */;
			proxyType = 1;
			remoteGlobalIDString = 3707E2452A65CA25004EDCE4;
			remoteInfo = NFLInfo;
		};
		3707E2612A65CA27004EDCE4 /* PBXContainerItemProxy */ = {
			isa = PBXContainerItemProxy;
			containerPortal = 3707E23E2A65CA25004EDCE4 /* Project object */;
			proxyType = 1;
			remoteGlobalIDString = 3707E2452A65CA25004EDCE4;
			remoteInfo = NFLInfo;
		};
/* End PBXContainerItemProxy section */

/* Begin PBXFileReference section */
		3707E2462A65CA25004EDCE4 /* NFLInfo.app */ = {isa = PBXFileReference; explicitFileType = wrapper.application; includeInIndex = 0; path = NFLInfo.app; sourceTree = BUILT_PRODUCTS_DIR; };
		3707E2492A65CA25004EDCE4 /* NFLInfoApp.swift */ = {isa = PBXFileReference; lastKnownFileType = sourcecode.swift; path = NFLInfoApp.swift; sourceTree = "<group>"; };
		3707E24D2A65CA27004EDCE4 /* Assets.xcassets */ = {isa = PBXFileReference; lastKnownFileType = folder.assetcatalog; path = Assets.xcassets; sourceTree = "<group>"; };
		3707E2502A65CA27004EDCE4 /* Preview Assets.xcassets */ = {isa = PBXFileReference; lastKnownFileType = folder.assetcatalog; path = "Preview Assets.xcassets"; sourceTree = "<group>"; };
		3707E2562A65CA27004EDCE4 /* NFLInfoTests.xctest */ = {isa = PBXFileReference; explicitFileType = wrapper.cfbundle; includeInIndex = 0; path = NFLInfoTests.xctest; sourceTree = BUILT_PRODUCTS_DIR; };
		3707E25A2A65CA27004EDCE4 /* NFLInfoTests.swift */ = {isa = PBXFileReference; lastKnownFileType = sourcecode.swift; path = NFLInfoTests.swift; sourceTree = "<group>"; };
		3707E2602A65CA27004EDCE4 /* NFLInfoUITests.xctest */ = {isa = PBXFileReference; explicitFileType = wrapper.cfbundle; includeInIndex = 0; path = NFLInfoUITests.xctest; sourceTree = BUILT_PRODUCTS_DIR; };
		3707E2642A65CA27004EDCE4 /* NFLInfoUITests.swift */ = {isa = PBXFileReference; lastKnownFileType = sourcecode.swift; path = NFLInfoUITests.swift; sourceTree = "<group>"; };
		3707E2662A65CA27004EDCE4 /* NFLInfoUITestsLaunchTests.swift */ = {isa = PBXFileReference; lastKnownFileType = sourcecode.swift; path = NFLInfoUITestsLaunchTests.swift; sourceTree = "<group>"; };
		3707E2742A65CA61004EDCE4 /* Team.swift */ = {isa = PBXFileReference; lastKnownFileType = sourcecode.swift; path = Team.swift; sourceTree = "<group>"; };
		3707E2772A65CAE1004EDCE4 /* APICaller.swift */ = {isa = PBXFileReference; lastKnownFileType = sourcecode.swift; path = APICaller.swift; sourceTree = "<group>"; };
		3707E2792A65CE9A004EDCE4 /* TeamListView.swift */ = {isa = PBXFileReference; lastKnownFileType = sourcecode.swift; path = TeamListView.swift; sourceTree = "<group>"; };
		374A21DA2A6F179400204992 /* TeamDetailView.swift */ = {isa = PBXFileReference; lastKnownFileType = sourcecode.swift; path = TeamDetailView.swift; sourceTree = "<group>"; };
		377050272A6B1D73009DA0CE /* Info.plist */ = {isa = PBXFileReference; lastKnownFileType = text.plist; path = Info.plist; sourceTree = "<group>"; };
		37ACAD7F2A72FEED0075F2CB /* Player.swift */ = {isa = PBXFileReference; lastKnownFileType = sourcecode.swift; path = Player.swift; sourceTree = "<group>"; };
/* End PBXFileReference section */

/* Begin PBXFrameworksBuildPhase section */
		3707E2432A65CA25004EDCE4 /* Frameworks */ = {
			isa = PBXFrameworksBuildPhase;
			buildActionMask = 2147483647;
			files = (
			);
			runOnlyForDeploymentPostprocessing = 0;
		};
		3707E2532A65CA27004EDCE4 /* Frameworks */ = {
			isa = PBXFrameworksBuildPhase;
			buildActionMask = 2147483647;
			files = (
			);
			runOnlyForDeploymentPostprocessing = 0;
		};
		3707E25D2A65CA27004EDCE4 /* Frameworks */ = {
			isa = PBXFrameworksBuildPhase;
			buildActionMask = 2147483647;
			files = (
			);
			runOnlyForDeploymentPostprocessing = 0;
		};
/* End PBXFrameworksBuildPhase section */

/* Begin PBXGroup section */
		3707E23D2A65CA25004EDCE4 = {
			isa = PBXGroup;
			children = (
				3707E2482A65CA25004EDCE4 /* NFLInfo */,
				3707E2592A65CA27004EDCE4 /* NFLInfoTests */,
				3707E2632A65CA27004EDCE4 /* NFLInfoUITests */,
				3707E2472A65CA25004EDCE4 /* Products */,
			);
			sourceTree = "<group>";
		};
		3707E2472A65CA25004EDCE4 /* Products */ = {
			isa = PBXGroup;
			children = (
				3707E2462A65CA25004EDCE4 /* NFLInfo.app */,
				3707E2562A65CA27004EDCE4 /* NFLInfoTests.xctest */,
				3707E2602A65CA27004EDCE4 /* NFLInfoUITests.xctest */,
			);
			name = Products;
			sourceTree = "<group>";
		};
		3707E2482A65CA25004EDCE4 /* NFLInfo */ = {
			isa = PBXGroup;
			children = (
				377050272A6B1D73009DA0CE /* Info.plist */,
				3707E2762A65CA9F004EDCE4 /* API */,
				3707E2732A65CA46004EDCE4 /* Models */,
				3707E2492A65CA25004EDCE4 /* NFLInfoApp.swift */,
				3707E2792A65CE9A004EDCE4 /* TeamListView.swift */,
				374A21DA2A6F179400204992 /* TeamDetailView.swift */,
				3707E24D2A65CA27004EDCE4 /* Assets.xcassets */,
				3707E24F2A65CA27004EDCE4 /* Preview Content */,
			);
			path = NFLInfo;
			sourceTree = "<group>";
		};
		3707E24F2A65CA27004EDCE4 /* Preview Content */ = {
			isa = PBXGroup;
			children = (
				3707E2502A65CA27004EDCE4 /* Preview Assets.xcassets */,
			);
			path = "Preview Content";
			sourceTree = "<group>";
		};
		3707E2592A65CA27004EDCE4 /* NFLInfoTests */ = {
			isa = PBXGroup;
			children = (
				3707E25A2A65CA27004EDCE4 /* NFLInfoTests.swift */,
			);
			path = NFLInfoTests;
			sourceTree = "<group>";
		};
		3707E2632A65CA27004EDCE4 /* NFLInfoUITests */ = {
			isa = PBXGroup;
			children = (
				3707E2642A65CA27004EDCE4 /* NFLInfoUITests.swift */,
				3707E2662A65CA27004EDCE4 /* NFLInfoUITestsLaunchTests.swift */,
			);
			path = NFLInfoUITests;
			sourceTree = "<group>";
		};
		3707E2732A65CA46004EDCE4 /* Models */ = {
			isa = PBXGroup;
			children = (
				3707E2742A65CA61004EDCE4 /* Team.swift */,
				37ACAD7F2A72FEED0075F2CB /* Player.swift */,
			);
			path = Models;
			sourceTree = "<group>";
		};
		3707E2762A65CA9F004EDCE4 /* API */ = {
			isa = PBXGroup;
			children = (
				3707E2772A65CAE1004EDCE4 /* APICaller.swift */,
			);
			path = API;
			sourceTree = "<group>";
		};
/* End PBXGroup section */

/* Begin PBXNativeTarget section */
		3707E2452A65CA25004EDCE4 /* NFLInfo */ = {
			isa = PBXNativeTarget;
			buildConfigurationList = 3707E26A2A65CA27004EDCE4 /* Build configuration list for PBXNativeTarget "NFLInfo" */;
			buildPhases = (
				3707E2422A65CA25004EDCE4 /* Sources */,
				3707E2432A65CA25004EDCE4 /* Frameworks */,
				3707E2442A65CA25004EDCE4 /* Resources */,
			);
			buildRules = (
			);
			dependencies = (
			);
			name = NFLInfo;
			productName = NFLInfo;
			productReference = 3707E2462A65CA25004EDCE4 /* NFLInfo.app */;
			productType = "com.apple.product-type.application";
		};
		3707E2552A65CA27004EDCE4 /* NFLInfoTests */ = {
			isa = PBXNativeTarget;
			buildConfigurationList = 3707E26D2A65CA27004EDCE4 /* Build configuration list for PBXNativeTarget "NFLInfoTests" */;
			buildPhases = (
				3707E2522A65CA27004EDCE4 /* Sources */,
				3707E2532A65CA27004EDCE4 /* Frameworks */,
				3707E2542A65CA27004EDCE4 /* Resources */,
			);
			buildRules = (
			);
			dependencies = (
				3707E2582A65CA27004EDCE4 /* PBXTargetDependency */,
			);
			name = NFLInfoTests;
			productName = NFLInfoTests;
			productReference = 3707E2562A65CA27004EDCE4 /* NFLInfoTests.xctest */;
			productType = "com.apple.product-type.bundle.unit-test";
		};
		3707E25F2A65CA27004EDCE4 /* NFLInfoUITests */ = {
			isa = PBXNativeTarget;
			buildConfigurationList = 3707E2702A65CA27004EDCE4 /* Build configuration list for PBXNativeTarget "NFLInfoUITests" */;
			buildPhases = (
				3707E25C2A65CA27004EDCE4 /* Sources */,
				3707E25D2A65CA27004EDCE4 /* Frameworks */,
				3707E25E2A65CA27004EDCE4 /* Resources */,
			);
			buildRules = (
			);
			dependencies = (
				3707E2622A65CA27004EDCE4 /* PBXTargetDependency */,
			);
			name = NFLInfoUITests;
			productName = NFLInfoUITests;
			productReference = 3707E2602A65CA27004EDCE4 /* NFLInfoUITests.xctest */;
			productType = "com.apple.product-type.bundle.ui-testing";
		};
/* End PBXNativeTarget section */

/* Begin PBXProject section */
		3707E23E2A65CA25004EDCE4 /* Project object */ = {
			isa = PBXProject;
			attributes = {
				BuildIndependentTargetsInParallel = 1;
				LastSwiftUpdateCheck = 1500;
				LastUpgradeCheck = 1500;
				TargetAttributes = {
					3707E2452A65CA25004EDCE4 = {
						CreatedOnToolsVersion = 15.0;
					};
					3707E2552A65CA27004EDCE4 = {
						CreatedOnToolsVersion = 15.0;
						TestTargetID = 3707E2452A65CA25004EDCE4;
					};
					3707E25F2A65CA27004EDCE4 = {
						CreatedOnToolsVersion = 15.0;
						TestTargetID = 3707E2452A65CA25004EDCE4;
					};
				};
			};
			buildConfigurationList = 3707E2412A65CA25004EDCE4 /* Build configuration list for PBXProject "NFLInfo" */;
			compatibilityVersion = "Xcode 14.0";
			developmentRegion = en;
			hasScannedForEncodings = 0;
			knownRegions = (
				en,
				Base,
			);
			mainGroup = 3707E23D2A65CA25004EDCE4;
			productRefGroup = 3707E2472A65CA25004EDCE4 /* Products */;
			projectDirPath = "";
			projectRoot = "";
			targets = (
				3707E2452A65CA25004EDCE4 /* NFLInfo */,
				3707E2552A65CA27004EDCE4 /* NFLInfoTests */,
				3707E25F2A65CA27004EDCE4 /* NFLInfoUITests */,
			);
		};
/* End PBXProject section */

/* Begin PBXResourcesBuildPhase section */
		3707E2442A65CA25004EDCE4 /* Resources */ = {
			isa = PBXResourcesBuildPhase;
			buildActionMask = 2147483647;
			files = (
				3707E2512A65CA27004EDCE4 /* Preview Assets.xcassets in Resources */,
				3707E24E2A65CA27004EDCE4 /* Assets.xcassets in Resources */,
			);
			runOnlyForDeploymentPostprocessing = 0;
		};
		3707E2542A65CA27004EDCE4 /* Resources */ = {
			isa = PBXResourcesBuildPhase;
			buildActionMask = 2147483647;
			files = (
			);
			runOnlyForDeploymentPostprocessing = 0;
		};
		3707E25E2A65CA27004EDCE4 /* Resources */ = {
			isa = PBXResourcesBuildPhase;
			buildActionMask = 2147483647;
			files = (
			);
			runOnlyForDeploymentPostprocessing = 0;
		};
/* End PBXResourcesBuildPhase section */

/* Begin PBXSourcesBuildPhase section */
		3707E2422A65CA25004EDCE4 /* Sources */ = {
			isa = PBXSourcesBuildPhase;
			buildActionMask = 2147483647;
			files = (
				3707E2752A65CA61004EDCE4 /* Team.swift in Sources */,
				3707E27A2A65CE9A004EDCE4 /* TeamListView.swift in Sources */,
				3707E24A2A65CA25004EDCE4 /* NFLInfoApp.swift in Sources */,
				374A21DB2A6F179400204992 /* TeamDetailView.swift in Sources */,
				37ACAD802A72FEED0075F2CB /* Player.swift in Sources */,
				3707E2782A65CAE1004EDCE4 /* APICaller.swift in Sources */,
			);
			runOnlyForDeploymentPostprocessing = 0;
		};
		3707E2522A65CA27004EDCE4 /* Sources */ = {
			isa = PBXSourcesBuildPhase;
			buildActionMask = 2147483647;
			files = (
				3707E25B2A65CA27004EDCE4 /* NFLInfoTests.swift in Sources */,
			);
			runOnlyForDeploymentPostprocessing = 0;
		};
		3707E25C2A65CA27004EDCE4 /* Sources */ = {
			isa = PBXSourcesBuildPhase;
			buildActionMask = 2147483647;
			files = (
				3707E2652A65CA27004EDCE4 /* NFLInfoUITests.swift in Sources */,
				3707E2672A65CA27004EDCE4 /* NFLInfoUITestsLaunchTests.swift in Sources */,
			);
			runOnlyForDeploymentPostprocessing = 0;
		};
/* End PBXSourcesBuildPhase section */

/* Begin PBXTargetDependency section */
		3707E2582A65CA27004EDCE4 /* PBXTargetDependency */ = {
			isa = PBXTargetDependency;
			target = 3707E2452A65CA25004EDCE4 /* NFLInfo */;
			targetProxy = 3707E2572A65CA27004EDCE4 /* PBXContainerItemProxy */;
		};
		3707E2622A65CA27004EDCE4 /* PBXTargetDependency */ = {
			isa = PBXTargetDependency;
			target = 3707E2452A65CA25004EDCE4 /* NFLInfo */;
			targetProxy = 3707E2612A65CA27004EDCE4 /* PBXContainerItemProxy */;
		};
/* End PBXTargetDependency section */

/* Begin XCBuildConfiguration section */
		3707E2682A65CA27004EDCE4 /* Debug */ = {
			isa = XCBuildConfiguration;
			buildSettings = {
				ALWAYS_SEARCH_USER_PATHS = NO;
				ASSETCATALOG_COMPILER_GENERATE_SWIFT_ASSET_SYMBOL_EXTENSIONS = YES;
				CLANG_ANALYZER_NONNULL = YES;
				CLANG_ANALYZER_NUMBER_OBJECT_CONVERSION = YES_AGGRESSIVE;
				CLANG_CXX_LANGUAGE_STANDARD = "gnu++20";
				CLANG_ENABLE_MODULES = YES;
				CLANG_ENABLE_OBJC_ARC = YES;
				CLANG_ENABLE_OBJC_WEAK = YES;
				CLANG_WARN_BLOCK_CAPTURE_AUTORELEASING = YES;
				CLANG_WARN_BOOL_CONVERSION = YES;
				CLANG_WARN_COMMA = YES;
				CLANG_WARN_CONSTANT_CONVERSION = YES;
				CLANG_WARN_DEPRECATED_OBJC_IMPLEMENTATIONS = YES;
				CLANG_WARN_DIRECT_OBJC_ISA_USAGE = YES_ERROR;
				CLANG_WARN_DOCUMENTATION_COMMENTS = YES;
				CLANG_WARN_EMPTY_BODY = YES;
				CLANG_WARN_ENUM_CONVERSION = YES;
				CLANG_WARN_INFINITE_RECURSION = YES;
				CLANG_WARN_INT_CONVERSION = YES;
				CLANG_WARN_NON_LITERAL_NULL_CONVERSION = YES;
				CLANG_WARN_OBJC_IMPLICIT_RETAIN_SELF = YES;
				CLANG_WARN_OBJC_LITERAL_CONVERSION = YES;
				CLANG_WARN_OBJC_ROOT_CLASS = YES_ERROR;
				CLANG_WARN_QUOTED_INCLUDE_IN_FRAMEWORK_HEADER = YES;
				CLANG_WARN_RANGE_LOOP_ANALYSIS = YES;
				CLANG_WARN_STRICT_PROTOTYPES = YES;
				CLANG_WARN_SUSPICIOUS_MOVE = YES;
				CLANG_WARN_UNGUARDED_AVAILABILITY = YES_AGGRESSIVE;
				CLANG_WARN_UNREACHABLE_CODE = YES;
				CLANG_WARN__DUPLICATE_METHOD_MATCH = YES;
				COPY_PHASE_STRIP = NO;
				DEBUG_INFORMATION_FORMAT = dwarf;
				ENABLE_STRICT_OBJC_MSGSEND = YES;
				ENABLE_TESTABILITY = YES;
				ENABLE_USER_SCRIPT_SANDBOXING = YES;
				GCC_C_LANGUAGE_STANDARD = gnu17;
				GCC_DYNAMIC_NO_PIC = NO;
				GCC_NO_COMMON_BLOCKS = YES;
				GCC_OPTIMIZATION_LEVEL = 0;
				GCC_PREPROCESSOR_DEFINITIONS = (
					"DEBUG=1",
					"$(inherited)",
				);
				GCC_WARN_64_TO_32_BIT_CONVERSION = YES;
				GCC_WARN_ABOUT_RETURN_TYPE = YES_ERROR;
				GCC_WARN_UNDECLARED_SELECTOR = YES;
				GCC_WARN_UNINITIALIZED_AUTOS = YES_AGGRESSIVE;
				GCC_WARN_UNUSED_FUNCTION = YES;
				GCC_WARN_UNUSED_VARIABLE = YES;
				IPHONEOS_DEPLOYMENT_TARGET = 17.0;
				LOCALIZATION_PREFERS_STRING_CATALOGS = YES;
				MTL_ENABLE_DEBUG_INFO = INCLUDE_SOURCE;
				MTL_FAST_MATH = YES;
				ONLY_ACTIVE_ARCH = YES;
				SDKROOT = iphoneos;
				SWIFT_ACTIVE_COMPILATION_CONDITIONS = "DEBUG $(inherited)";
				SWIFT_OPTIMIZATION_LEVEL = "-Onone";
			};
			name = Debug;
		};
		3707E2692A65CA27004EDCE4 /* Release */ = {
			isa = XCBuildConfiguration;
			buildSettings = {
				ALWAYS_SEARCH_USER_PATHS = NO;
				ASSETCATALOG_COMPILER_GENERATE_SWIFT_ASSET_SYMBOL_EXTENSIONS = YES;
				CLANG_ANALYZER_NONNULL = YES;
				CLANG_ANALYZER_NUMBER_OBJECT_CONVERSION = YES_AGGRESSIVE;
				CLANG_CXX_LANGUAGE_STANDARD = "gnu++20";
				CLANG_ENABLE_MODULES = YES;
				CLANG_ENABLE_OBJC_ARC = YES;
				CLANG_ENABLE_OBJC_WEAK = YES;
				CLANG_WARN_BLOCK_CAPTURE_AUTORELEASING = YES;
				CLANG_WARN_BOOL_CONVERSION = YES;
				CLANG_WARN_COMMA = YES;
				CLANG_WARN_CONSTANT_CONVERSION = YES;
				CLANG_WARN_DEPRECATED_OBJC_IMPLEMENTATIONS = YES;
				CLANG_WARN_DIRECT_OBJC_ISA_USAGE = YES_ERROR;
				CLANG_WARN_DOCUMENTATION_COMMENTS = YES;
				CLANG_WARN_EMPTY_BODY = YES;
				CLANG_WARN_ENUM_CONVERSION = YES;
				CLANG_WARN_INFINITE_RECURSION = YES;
				CLANG_WARN_INT_CONVERSION = YES;
				CLANG_WARN_NON_LITERAL_NULL_CONVERSION = YES;
				CLANG_WARN_OBJC_IMPLICIT_RETAIN_SELF = YES;
				CLANG_WARN_OBJC_LITERAL_CONVERSION = YES;
				CLANG_WARN_OBJC_ROOT_CLASS = YES_ERROR;
				CLANG_WARN_QUOTED_INCLUDE_IN_FRAMEWORK_HEADER = YES;
				CLANG_WARN_RANGE_LOOP_ANALYSIS = YES;
				CLANG_WARN_STRICT_PROTOTYPES = YES;
				CLANG_WARN_SUSPICIOUS_MOVE = YES;
				CLANG_WARN_UNGUARDED_AVAILABILITY = YES_AGGRESSIVE;
				CLANG_WARN_UNREACHABLE_CODE = YES;
				CLANG_WARN__DUPLICATE_METHOD_MATCH = YES;
				COPY_PHASE_STRIP = NO;
				DEBUG_INFORMATION_FORMAT = "dwarf-with-dsym";
				ENABLE_NS_ASSERTIONS = NO;
				ENABLE_STRICT_OBJC_MSGSEND = YES;
				ENABLE_USER_SCRIPT_SANDBOXING = YES;
				GCC_C_LANGUAGE_STANDARD = gnu17;
				GCC_NO_COMMON_BLOCKS = YES;
				GCC_WARN_64_TO_32_BIT_CONVERSION = YES;
				GCC_WARN_ABOUT_RETURN_TYPE = YES_ERROR;
				GCC_WARN_UNDECLARED_SELECTOR = YES;
				GCC_WARN_UNINITIALIZED_AUTOS = YES_AGGRESSIVE;
				GCC_WARN_UNUSED_FUNCTION = YES;
				GCC_WARN_UNUSED_VARIABLE = YES;
				IPHONEOS_DEPLOYMENT_TARGET = 17.0;
				LOCALIZATION_PREFERS_STRING_CATALOGS = YES;
				MTL_ENABLE_DEBUG_INFO = NO;
				MTL_FAST_MATH = YES;
				SDKROOT = iphoneos;
				SWIFT_COMPILATION_MODE = wholemodule;
				VALIDATE_PRODUCT = YES;
			};
			name = Release;
		};
		3707E26B2A65CA27004EDCE4 /* Debug */ = {
			isa = XCBuildConfiguration;
			buildSettings = {
				ASSETCATALOG_COMPILER_APPICON_NAME = AppIcon;
				ASSETCATALOG_COMPILER_GLOBAL_ACCENT_COLOR_NAME = AccentColor;
				CODE_SIGN_STYLE = Automatic;
				CURRENT_PROJECT_VERSION = 1;
				DEVELOPMENT_ASSET_PATHS = "\"NFLInfo/Preview Content\"";
				DEVELOPMENT_TEAM = 4JQF764S2S;
				ENABLE_PREVIEWS = YES;
				GENERATE_INFOPLIST_FILE = YES;
				INFOPLIST_FILE = NFLInfo/Info.plist;
				INFOPLIST_KEY_UIApplicationSceneManifest_Generation = YES;
				INFOPLIST_KEY_UIApplicationSupportsIndirectInputEvents = YES;
				INFOPLIST_KEY_UILaunchScreen_Generation = YES;
				INFOPLIST_KEY_UISupportedInterfaceOrientations_iPad = "UIInterfaceOrientationPortrait UIInterfaceOrientationPortraitUpsideDown UIInterfaceOrientationLandscapeLeft UIInterfaceOrientationLandscapeRight";
				INFOPLIST_KEY_UISupportedInterfaceOrientations_iPhone = "UIInterfaceOrientationPortrait UIInterfaceOrientationLandscapeLeft UIInterfaceOrientationLandscapeRight";
				LD_RUNPATH_SEARCH_PATHS = (
					"$(inherited)",
					"@executable_path/Frameworks",
				);
				MARKETING_VERSION = 1.0;
				PRODUCT_BUNDLE_IDENTIFIER = olsonIndustries.NFLInfo;
				PRODUCT_NAME = "$(TARGET_NAME)";
				SWIFT_EMIT_LOC_STRINGS = YES;
				SWIFT_VERSION = 5.0;
				TARGETED_DEVICE_FAMILY = "1,2";
			};
			name = Debug;
		};
		3707E26C2A65CA27004EDCE4 /* Release */ = {
			isa = XCBuildConfiguration;
			buildSettings = {
				ASSETCATALOG_COMPILER_APPICON_NAME = AppIcon;
				ASSETCATALOG_COMPILER_GLOBAL_ACCENT_COLOR_NAME = AccentColor;
				CODE_SIGN_STYLE = Automatic;
				CURRENT_PROJECT_VERSION = 1;
				DEVELOPMENT_ASSET_PATHS = "\"NFLInfo/Preview Content\"";
				DEVELOPMENT_TEAM = 4JQF764S2S;
				ENABLE_PREVIEWS = YES;
				GENERATE_INFOPLIST_FILE = YES;
				INFOPLIST_FILE = NFLInfo/Info.plist;
				INFOPLIST_KEY_UIApplicationSceneManifest_Generation = YES;
				INFOPLIST_KEY_UIApplicationSupportsIndirectInputEvents = YES;
				INFOPLIST_KEY_UILaunchScreen_Generation = YES;
				INFOPLIST_KEY_UISupportedInterfaceOrientations_iPad = "UIInterfaceOrientationPortrait UIInterfaceOrientationPortraitUpsideDown UIInterfaceOrientationLandscapeLeft UIInterfaceOrientationLandscapeRight";
				INFOPLIST_KEY_UISupportedInterfaceOrientations_iPhone = "UIInterfaceOrientationPortrait UIInterfaceOrientationLandscapeLeft UIInterfaceOrientationLandscapeRight";
				LD_RUNPATH_SEARCH_PATHS = (
					"$(inherited)",
					"@executable_path/Frameworks",
				);
				MARKETING_VERSION = 1.0;
				PRODUCT_BUNDLE_IDENTIFIER = olsonIndustries.NFLInfo;
				PRODUCT_NAME = "$(TARGET_NAME)";
				SWIFT_EMIT_LOC_STRINGS = YES;
				SWIFT_VERSION = 5.0;
				TARGETED_DEVICE_FAMILY = "1,2";
			};
			name = Release;
		};
		3707E26E2A65CA27004EDCE4 /* Debug */ = {
			isa = XCBuildConfiguration;
			buildSettings = {
				ALWAYS_EMBED_SWIFT_STANDARD_LIBRARIES = YES;
				BUNDLE_LOADER = "$(TEST_HOST)";
				CODE_SIGN_STYLE = Automatic;
				CURRENT_PROJECT_VERSION = 1;
				DEVELOPMENT_TEAM = 4JQF764S2S;
				GENERATE_INFOPLIST_FILE = YES;
				IPHONEOS_DEPLOYMENT_TARGET = 17.0;
				MARKETING_VERSION = 1.0;
				PRODUCT_BUNDLE_IDENTIFIER = olsonIndustries.NFLInfoTests;
				PRODUCT_NAME = "$(TARGET_NAME)";
				SWIFT_EMIT_LOC_STRINGS = NO;
				SWIFT_VERSION = 5.0;
				TARGETED_DEVICE_FAMILY = "1,2";
				TEST_HOST = "$(BUILT_PRODUCTS_DIR)/NFLInfo.app/$(BUNDLE_EXECUTABLE_FOLDER_PATH)/NFLInfo";
			};
			name = Debug;
		};
		3707E26F2A65CA27004EDCE4 /* Release */ = {
			isa = XCBuildConfiguration;
			buildSettings = {
				ALWAYS_EMBED_SWIFT_STANDARD_LIBRARIES = YES;
				BUNDLE_LOADER = "$(TEST_HOST)";
				CODE_SIGN_STYLE = Automatic;
				CURRENT_PROJECT_VERSION = 1;
				DEVELOPMENT_TEAM = 4JQF764S2S;
				GENERATE_INFOPLIST_FILE = YES;
				IPHONEOS_DEPLOYMENT_TARGET = 17.0;
				MARKETING_VERSION = 1.0;
				PRODUCT_BUNDLE_IDENTIFIER = olsonIndustries.NFLInfoTests;
				PRODUCT_NAME = "$(TARGET_NAME)";
				SWIFT_EMIT_LOC_STRINGS = NO;
				SWIFT_VERSION = 5.0;
				TARGETED_DEVICE_FAMILY = "1,2";
				TEST_HOST = "$(BUILT_PRODUCTS_DIR)/NFLInfo.app/$(BUNDLE_EXECUTABLE_FOLDER_PATH)/NFLInfo";
			};
			name = Release;
		};
		3707E2712A65CA27004EDCE4 /* Debug */ = {
			isa = XCBuildConfiguration;
			buildSettings = {
				ALWAYS_EMBED_SWIFT_STANDARD_LIBRARIES = YES;
				CODE_SIGN_STYLE = Automatic;
				CURRENT_PROJECT_VERSION = 1;
				DEVELOPMENT_TEAM = 4JQF764S2S;
				GENERATE_INFOPLIST_FILE = YES;
				MARKETING_VERSION = 1.0;
				PRODUCT_BUNDLE_IDENTIFIER = olsonIndustries.NFLInfoUITests;
				PRODUCT_NAME = "$(TARGET_NAME)";
				SWIFT_EMIT_LOC_STRINGS = NO;
				SWIFT_VERSION = 5.0;
				TARGETED_DEVICE_FAMILY = "1,2";
				TEST_TARGET_NAME = NFLInfo;
			};
			name = Debug;
		};
		3707E2722A65CA27004EDCE4 /* Release */ = {
			isa = XCBuildConfiguration;
			buildSettings = {
				ALWAYS_EMBED_SWIFT_STANDARD_LIBRARIES = YES;
				CODE_SIGN_STYLE = Automatic;
				CURRENT_PROJECT_VERSION = 1;
				DEVELOPMENT_TEAM = 4JQF764S2S;
				GENERATE_INFOPLIST_FILE = YES;
				MARKETING_VERSION = 1.0;
				PRODUCT_BUNDLE_IDENTIFIER = olsonIndustries.NFLInfoUITests;
				PRODUCT_NAME = "$(TARGET_NAME)";
				SWIFT_EMIT_LOC_STRINGS = NO;
				SWIFT_VERSION = 5.0;
				TARGETED_DEVICE_FAMILY = "1,2";
				TEST_TARGET_NAME = NFLInfo;
			};
			name = Release;
		};
/* End XCBuildConfiguration section */

/* Begin XCConfigurationList section */
		3707E2412A65CA25004EDCE4 /* Build configuration list for PBXProject "NFLInfo" */ = {
			isa = XCConfigurationList;
			buildConfigurations = (
				3707E2682A65CA27004EDCE4 /* Debug */,
				3707E2692A65CA27004EDCE4 /* Release */,
			);
			defaultConfigurationIsVisible = 0;
			defaultConfigurationName = Release;
		};
		3707E26A2A65CA27004EDCE4 /* Build configuration list for PBXNativeTarget "NFLInfo" */ = {
			isa = XCConfigurationList;
			buildConfigurations = (
				3707E26B2A65CA27004EDCE4 /* Debug */,
				3707E26C2A65CA27004EDCE4 /* Release */,
			);
			defaultConfigurationIsVisible = 0;
			defaultConfigurationName = Release;
		};
		3707E26D2A65CA27004EDCE4 /* Build configuration list for PBXNativeTarget "NFLInfoTests" */ = {
			isa = XCConfigurationList;
			buildConfigurations = (
				3707E26E2A65CA27004EDCE4 /* Debug */,
				3707E26F2A65CA27004EDCE4 /* Release */,
			);
			defaultConfigurationIsVisible = 0;
			defaultConfigurationName = Release;
		};
		3707E2702A65CA27004EDCE4 /* Build configuration list for PBXNativeTarget "NFLInfoUITests" */ = {
			isa = XCConfigurationList;
			buildConfigurations = (
				3707E2712A65CA27004EDCE4 /* Debug */,
				3707E2722A65CA27004EDCE4 /* Release */,
			);
			defaultConfigurationIsVisible = 0;
			defaultConfigurationName = Release;
		};
/* End XCConfigurationList section */
	};
	rootObject = 3707E23E2A65CA25004EDCE4 /* Project object */;
}
